{
  "pins" : [
    {
      "identity" : "alamofire",
      "kind" : "remoteSourceControl",
      "location" : "https://github.com/Alamofire/Alamofire.git",
      "state" : {
        "revision" : "354dda32d89fc8cd4f5c46487f64957d355f53d8",
        "version" : "5.6.1"
      }
    },
    {
      "identity" : "oauth2",
      "kind" : "remoteSourceControl",
      "location" : "https://github.com/p2/OAuth2.git",
      "state" : {
        "revision" : "30f46ad74bcbe7013fb340e54f41bc9e6d2ce994",
        "version" : "5.3.2"
      }
    }
  ],
  "version" : 2
}
